# This is a Gradle generated file for dependency locking.
# Manual edits can break the build and are not advised.
# This file is expected to be part of source control.
asm:asm-analysis:3.3.1=compileClasspath
asm:asm-tree:3.3.1=compileClasspath
asm:asm-util:3.3.1=compileClasspath
asm:asm:3.3.1=compileClasspath
empty=annotationProcessor,runtimeClasspath,testAnnotationProcessor,testCompileClasspath,testRuntimeClasspath
